// !$*UTF8*$!
{
	archiveVersion = 1;
	classes = {
	};
	objectVersion = 50;
	objects = {

/* Begin PBXBuildFile section */
		B634BA332208E57B00C5142B /* AppDelegate.swift in Sources */ = {isa = PBXBuildFile; fileRef = B634BA322208E57B00C5142B /* AppDelegate.swift */; };
		B634BA382208E57B00C5142B /* Main.storyboard in Resources */ = {isa = PBXBuildFile; fileRef = B634BA362208E57B00C5142B /* Main.storyboard */; };
		B634BA3A2208E57D00C5142B /* Assets.xcassets in Resources */ = {isa = PBXBuildFile; fileRef = B634BA392208E57D00C5142B /* Assets.xcassets */; };
		B634BA3D2208E57D00C5142B /* LaunchScreen.storyboard in Resources */ = {isa = PBXBuildFile; fileRef = B634BA3B2208E57D00C5142B /* LaunchScreen.storyboard */; };
		B67BA7AB2208E73B00CEFAFF /* Post.swift in Sources */ = {isa = PBXBuildFile; fileRef = B67BA7AA2208E73B00CEFAFF /* Post.swift */; };
		B67BA7AE2208E8F900CEFAFF /* PostController.swift in Sources */ = {isa = PBXBuildFile; fileRef = B67BA7AD2208E8F900CEFAFF /* PostController.swift */; };
		B67BA7B12208F12700CEFAFF /* PostListViewController.swift in Sources */ = {isa = PBXBuildFile; fileRef = B67BA7B02208F12700CEFAFF /* PostListViewController.swift */; };
/* End PBXBuildFile section */

/* Begin PBXFileReference section */
		B634BA2F2208E57B00C5142B /* Post.app */ = {isa = PBXFileReference; explicitFileType = wrapper.application; includeInIndex = 0; path = Post.app; sourceTree = BUILT_PRODUCTS_DIR; };
		B634BA322208E57B00C5142B /* AppDelegate.swift */ = {isa = PBXFileReference; lastKnownFileType = sourcecode.swift; path = AppDelegate.swift; sourceTree = "<group>"; };
		B634BA372208E57B00C5142B /* Base */ = {isa = PBXFileReference; lastKnownFileType = file.storyboard; name = Base; path = Base.lproj/Main.storyboard; sourceTree = "<group>"; };
		B634BA392208E57D00C5142B /* Assets.xcassets */ = {isa = PBXFileReference; lastKnownFileType = folder.assetcatalog; path = Assets.xcassets; sourceTree = "<group>"; };
		B634BA3C2208E57D00C5142B /* Base */ = {isa = PBXFileReference; lastKnownFileType = file.storyboard; name = Base; path = Base.lproj/LaunchScreen.storyboard; sourceTree = "<group>"; };
		B634BA3E2208E57D00C5142B /* Info.plist */ = {isa = PBXFileReference; lastKnownFileType = text.plist.xml; path = Info.plist; sourceTree = "<group>"; };
		B67BA7AA2208E73B00CEFAFF /* Post.swift */ = {isa = PBXFileReference; lastKnownFileType = sourcecode.swift; path = Post.swift; sourceTree = "<group>"; };
		B67BA7AD2208E8F900CEFAFF /* PostController.swift */ = {isa = PBXFileReference; lastKnownFileType = sourcecode.swift; path = PostController.swift; sourceTree = "<group>"; };
		B67BA7B02208F12700CEFAFF /* PostListViewController.swift */ = {isa = PBXFileReference; lastKnownFileType = sourcecode.swift; path = PostListViewController.swift; sourceTree = "<group>"; };
/* End PBXFileReference section */

/* Begin PBXFrameworksBuildPhase section */
		B634BA2C2208E57B00C5142B /* Frameworks */ = {
			isa = PBXFrameworksBuildPhase;
			buildActionMask = 2147483647;
			files = (
			);
			runOnlyForDeploymentPostprocessing = 0;
		};
/* End PBXFrameworksBuildPhase section */

/* Begin PBXGroup section */
		B634BA262208E57B00C5142B = {
			isa = PBXGroup;
			children = (
				B634BA312208E57B00C5142B /* Post */,
				B634BA302208E57B00C5142B /* Products */,
			);
			sourceTree = "<group>";
		};
		B634BA302208E57B00C5142B /* Products */ = {
			isa = PBXGroup;
			children = (
				B634BA2F2208E57B00C5142B /* Post.app */,
			);
			name = Products;
			sourceTree = "<group>";
		};
		B634BA312208E57B00C5142B /* Post */ = {
			isa = PBXGroup;
			children = (
				B634BA322208E57B00C5142B /* AppDelegate.swift */,
				B67BA7AC2208E74100CEFAFF /* Model */,
				B634BA452208E6BC00C5142B /* Views */,
				B67BA7B32208F15700CEFAFF /* Controller */,
				B634BA442208E6A800C5142B /* Resources */,
			);
			path = Post;
			sourceTree = "<group>";
		};
		B634BA442208E6A800C5142B /* Resources */ = {
			isa = PBXGroup;
			children = (
				B634BA392208E57D00C5142B /* Assets.xcassets */,
				B634BA3B2208E57D00C5142B /* LaunchScreen.storyboard */,
				B634BA3E2208E57D00C5142B /* Info.plist */,
			);
			path = Resources;
			sourceTree = "<group>";
		};
		B634BA452208E6BC00C5142B /* Views */ = {
			isa = PBXGroup;
			children = (
				B634BA362208E57B00C5142B /* Main.storyboard */,
			);
			path = Views;
			sourceTree = "<group>";
		};
		B67BA7AC2208E74100CEFAFF /* Model */ = {
			isa = PBXGroup;
			children = (
				B67BA7AA2208E73B00CEFAFF /* Post.swift */,
			);
			path = Model;
			sourceTree = "<group>";
		};
		B67BA7AF2208E8FC00CEFAFF /* Model Controller */ = {
			isa = PBXGroup;
			children = (
				B67BA7AD2208E8F900CEFAFF /* PostController.swift */,
			);
			path = "Model Controller";
			sourceTree = "<group>";
		};
		B67BA7B22208F14C00CEFAFF /* View Controller */ = {
			isa = PBXGroup;
			children = (
				B67BA7B02208F12700CEFAFF /* PostListViewController.swift */,
			);
			path = "View Controller";
			sourceTree = "<group>";
		};
		B67BA7B32208F15700CEFAFF /* Controller */ = {
			isa = PBXGroup;
			children = (
				B67BA7B22208F14C00CEFAFF /* View Controller */,
				B67BA7AF2208E8FC00CEFAFF /* Model Controller */,
			);
			path = Controller;
			sourceTree = "<group>";
		};
/* End PBXGroup section */

/* Begin PBXNativeTarget section */
		B634BA2E2208E57B00C5142B /* Post */ = {
			isa = PBXNativeTarget;
			buildConfigurationList = B634BA412208E57D00C5142B /* Build configuration list for PBXNativeTarget "Post" */;
			buildPhases = (
				B634BA2B2208E57B00C5142B /* Sources */,
				B634BA2C2208E57B00C5142B /* Frameworks */,
				B634BA2D2208E57B00C5142B /* Resources */,
			);
			buildRules = (
			);
			dependencies = (
			);
			name = Post;
			productName = Post;
			productReference = B634BA2F2208E57B00C5142B /* Post.app */;
			productType = "com.apple.product-type.application";
		};
/* End PBXNativeTarget section */

/* Begin PBXProject section */
		B634BA272208E57B00C5142B /* Project object */ = {
			isa = PBXProject;
			attributes = {
				LastSwiftUpdateCheck = 1010;
				LastUpgradeCheck = 1010;
				ORGANIZATIONNAME = "Dominic Lanzillotta";
				TargetAttributes = {
					B634BA2E2208E57B00C5142B = {
						CreatedOnToolsVersion = 10.1;
					};
				};
			};
			buildConfigurationList = B634BA2A2208E57B00C5142B /* Build configuration list for PBXProject "Post" */;
			compatibilityVersion = "Xcode 9.3";
			developmentRegion = en;
			hasScannedForEncodings = 0;
			knownRegions = (
				en,
				Base,
			);
			mainGroup = B634BA262208E57B00C5142B;
			productRefGroup = B634BA302208E57B00C5142B /* Products */;
			projectDirPath = "";
			projectRoot = "";
			targets = (
				B634BA2E2208E57B00C5142B /* Post */,
			);
		};
/* End PBXProject section */

/* Begin PBXResourcesBuildPhase section */
		B634BA2D2208E57B00C5142B /* Resources */ = {
			isa = PBXResourcesBuildPhase;
			buildActionMask = 2147483647;
			files = (
				B634BA3D2208E57D00C5142B /* LaunchScreen.storyboard in Resources */,
				B634BA3A2208E57D00C5142B /* Assets.xcassets in Resources */,
				B634BA382208E57B00C5142B /* Main.storyboard in Resources */,
			);
			runOnlyForDeploymentPostprocessing = 0;
		};
/* End PBXResourcesBuildPhase section */

/* Begin PBXSourcesBuildPhase section */
		B634BA2B2208E57B00C5142B /* Sources */ = {
			isa = PBXSourcesBuildPhase;
			buildActionMask = 2147483647;
			files = (
				B67BA7B12208F12700CEFAFF /* PostListViewController.swift in Sources */,
				B634BA332208E57B00C5142B /* AppDelegate.swift in Sources */,
				B67BA7AB2208E73B00CEFAFF /* Post.swift in Sources */,
				B67BA7AE2208E8F900CEFAFF /* PostController.swift in Sources */,
			);
			runOnlyForDeploymentPostprocessing = 0;
		};
/* End PBXSourcesBuildPhase section */

/* Begin PBXVariantGroup section */
		B634BA362208E57B00C5142B /* Main.storyboard */ = {
			isa = PBXVariantGroup;
			children = (
				B634BA372208E57B00C5142B /* Base */,
			);
			name = Main.storyboard;
			sourceTree = "<group>";
		};
		B634BA3B2208E57D00C5142B /* LaunchScreen.storyboard */ = {
			isa = PBXVariantGroup;
			children = (
				B634BA3C2208E57D00C5142B /* Base */,
			);
			name = LaunchScreen.storyboard;
			sourceTree = "<group>";
		};
/* End PBXVariantGroup section */

/* Begin XCBuildConfiguration section */
		B634BA3F2208E57D00C5142B /* Debug */ = {
			isa = XCBuildConfiguration;
			buildSettings = {
				ALWAYS_SEARCH_USER_PATHS = NO;
				CLANG_ANALYZER_NONNULL = YES;
				CLANG_ANALYZER_NUMBER_OBJECT_CONVERSION = YES_AGGRESSIVE;
				CLANG_CXX_LANGUAGE_STANDARD = "gnu++14";
				CLANG_CXX_LIBRARY = "libc++";
				CLANG_ENABLE_MODULES = YES;
				CLANG_ENABLE_OBJC_ARC = YES;
				CLANG_ENABLE_OBJC_WEAK = YES;
				CLANG_WARN_BLOCK_CAPTURE_AUTORELEASING = YES;
				CLANG_WARN_BOOL_CONVERSION = YES;
				CLANG_WARN_COMMA = YES;
				CLANG_WARN_CONSTANT_CONVERSION = YES;
				CLANG_WARN_DEPRECATED_OBJC_IMPLEMENTATIONS = YES;
				CLANG_WARN_DIRECT_OBJC_ISA_USAGE = YES_ERROR;
				CLANG_WARN_DOCUMENTATION_COMMENTS = YES;
				CLANG_WARN_EMPTY_BODY = YES;
				CLANG_WARN_ENUM_CONVERSION = YES;
				CLANG_WARN_INFINITE_RECURSION = YES;
				CLANG_WARN_INT_CONVERSION = YES;
				CLANG_WARN_NON_LITERAL_NULL_CONVERSION = YES;
				CLANG_WARN_OBJC_IMPLICIT_RETAIN_SELF = YES;
				CLANG_WARN_OBJC_LITERAL_CONVERSION = YES;
				CLANG_WARN_OBJC_ROOT_CLASS = YES_ERROR;
				CLANG_WARN_RANGE_LOOP_ANALYSIS = YES;
				CLANG_WARN_STRICT_PROTOTYPES = YES;
				CLANG_WARN_SUSPICIOUS_MOVE = YES;
				CLANG_WARN_UNGUARDED_AVAILABILITY = YES_AGGRESSIVE;
				CLANG_WARN_UNREACHABLE_CODE = YES;
				CLANG_WARN__DUPLICATE_METHOD_MATCH = YES;
				CODE_SIGN_IDENTITY = "iPhone Developer";
				COPY_PHASE_STRIP = NO;
				DEBUG_INFORMATION_FORMAT = dwarf;
				ENABLE_STRICT_OBJC_MSGSEND = YES;
				ENABLE_TESTABILITY = YES;
				GCC_C_LANGUAGE_STANDARD = gnu11;
				GCC_DYNAMIC_NO_PIC = NO;
				GCC_NO_COMMON_BLOCKS = YES;
				GCC_OPTIMIZATION_LEVEL = 0;
				GCC_PREPROCESSOR_DEFINITIONS = (
					"DEBUG=1",
					"$(inherited)",
				);
				GCC_WARN_64_TO_32_BIT_CONVERSION = YES;
				GCC_WARN_ABOUT_RETURN_TYPE = YES_ERROR;
				GCC_WARN_UNDECLARED_SELECTOR = YES;
				GCC_WARN_UNINITIALIZED_AUTOS = YES_AGGRESSIVE;
				GCC_WARN_UNUSED_FUNCTION = YES;
				GCC_WARN_UNUSED_VARIABLE = YES;
				IPHONEOS_DEPLOYMENT_TARGET = 12.1;
				MTL_ENABLE_DEBUG_INFO = INCLUDE_SOURCE;
				MTL_FAST_MATH = YES;
				ONLY_ACTIVE_ARCH = YES;
				SDKROOT = iphoneos;
				SWIFT_ACTIVE_COMPILATION_CONDITIONS = DEBUG;
				SWIFT_OPTIMIZATION_LEVEL = "-Onone";
			};
			name = Debug;
		};
		B634BA402208E57D00C5142B /* Release */ = {
			isa = XCBuildConfiguration;
			buildSettings = {
				ALWAYS_SEARCH_USER_PATHS = NO;
				CLANG_ANALYZER_NONNULL = YES;
				CLANG_ANALYZER_NUMBER_OBJECT_CONVERSION = YES_AGGRESSIVE;
				CLANG_CXX_LANGUAGE_STANDARD = "gnu++14";
				CLANG_CXX_LIBRARY = "libc++";
				CLANG_ENABLE_MODULES = YES;
				CLANG_ENABLE_OBJC_ARC = YES;
				CLANG_ENABLE_OBJC_WEAK = YES;
				CLANG_WARN_BLOCK_CAPTURE_AUTORELEASING = YES;
				CLANG_WARN_BOOL_CONVERSION = YES;
				CLANG_WARN_COMMA = YES;
				CLANG_WARN_CONSTANT_CONVERSION = YES;
				CLANG_WARN_DEPRECATED_OBJC_IMPLEMENTATIONS = YES;
				CLANG_WARN_DIRECT_OBJC_ISA_USAGE = YES_ERROR;
				CLANG_WARN_DOCUMENTATION_COMMENTS = YES;
				CLANG_WARN_EMPTY_BODY = YES;
				CLANG_WARN_ENUM_CONVERSION = YES;
				CLANG_WARN_INFINITE_RECURSION = YES;
				CLANG_WARN_INT_CONVERSION = YES;
				CLANG_WARN_NON_LITERAL_NULL_CONVERSION = YES;
				CLANG_WARN_OBJC_IMPLICIT_RETAIN_SELF = YES;
				CLANG_WARN_OBJC_LITERAL_CONVERSION = YES;
				CLANG_WARN_OBJC_ROOT_CLASS = YES_ERROR;
				CLANG_WARN_RANGE_LOOP_ANALYSIS = YES;
				CLANG_WARN_STRICT_PROTOTYPES = YES;
				CLANG_WARN_SUSPICIOUS_MOVE = YES;
				CLANG_WARN_UNGUARDED_AVAILABILITY = YES_AGGRESSIVE;
				CLANG_WARN_UNREACHABLE_CODE = YES;
				CLANG_WARN__DUPLICATE_METHOD_MATCH = YES;
				CODE_SIGN_IDENTITY = "iPhone Developer";
				COPY_PHASE_STRIP = NO;
				DEBUG_INFORMATION_FORMAT = "dwarf-with-dsym";
				ENABLE_NS_ASSERTIONS = NO;
				ENABLE_STRICT_OBJC_MSGSEND = YES;
				GCC_C_LANGUAGE_STANDARD = gnu11;
				GCC_NO_COMMON_BLOCKS = YES;
				GCC_WARN_64_TO_32_BIT_CONVERSION = YES;
				GCC_WARN_ABOUT_RETURN_TYPE = YES_ERROR;
				GCC_WARN_UNDECLARED_SELECTOR = YES;
				GCC_WARN_UNINITIALIZED_AUTOS = YES_AGGRESSIVE;
				GCC_WARN_UNUSED_FUNCTION = YES;
				GCC_WARN_UNUSED_VARIABLE = YES;
				IPHONEOS_DEPLOYMENT_TARGET = 12.1;
				MTL_ENABLE_DEBUG_INFO = NO;
				MTL_FAST_MATH = YES;
				SDKROOT = iphoneos;
				SWIFT_COMPILATION_MODE = wholemodule;
				SWIFT_OPTIMIZATION_LEVEL = "-O";
				VALIDATE_PRODUCT = YES;
			};
			name = Release;
		};
		B634BA422208E57D00C5142B /* Debug */ = {
			isa = XCBuildConfiguration;
			buildSettings = {
				ASSETCATALOG_COMPILER_APPICON_NAME = AppIcon;
				CODE_SIGN_STYLE = Automatic;
				DEVELOPMENT_TEAM = J6B8ZX28ZW;
				INFOPLIST_FILE = "$(SRCROOT)/Post/Resources/Info.plist";
				LD_RUNPATH_SEARCH_PATHS = (
					"$(inherited)",
					"@executable_path/Frameworks",
				);
				PRODUCT_BUNDLE_IDENTIFIER = oskman.Post;
				PRODUCT_NAME = "$(TARGET_NAME)";
				SWIFT_VERSION = 4.2;
				TARGETED_DEVICE_FAMILY = "1,2";
			};
			name = Debug;
		};
		B634BA432208E57D00C5142B /* Release */ = {
			isa = XCBuildConfiguration;
			buildSettings = {
				ASSETCATALOG_COMPILER_APPICON_NAME = AppIcon;
				CODE_SIGN_STYLE = Automatic;
				DEVELOPMENT_TEAM = J6B8ZX28ZW;
				INFOPLIST_FILE = "$(SRCROOT)/Post/Resources/Info.plist";
				LD_RUNPATH_SEARCH_PATHS = (
					"$(inherited)",
					"@executable_path/Frameworks",
				);
				PRODUCT_BUNDLE_IDENTIFIER = oskman.Post;
				PRODUCT_NAME = "$(TARGET_NAME)";
				SWIFT_VERSION = 4.2;
				TARGETED_DEVICE_FAMILY = "1,2";
			};
			name = Release;
		};
/* End XCBuildConfiguration section */

/* Begin XCConfigurationList section */
		B634BA2A2208E57B00C5142B /* Build configuration list for PBXProject "Post" */ = {
			isa = XCConfigurationList;
			buildConfigurations = (
				B634BA3F2208E57D00C5142B /* Debug */,
				B634BA402208E57D00C5142B /* Release */,
			);
			defaultConfigurationIsVisible = 0;
			defaultConfigurationName = Release;
		};
		B634BA412208E57D00C5142B /* Build configuration list for PBXNativeTarget "Post" */ = {
			isa = XCConfigurationList;
			buildConfigurations = (
				B634BA422208E57D00C5142B /* Debug */,
				B634BA432208E57D00C5142B /* Release */,
			);
			defaultConfigurationIsVisible = 0;
			defaultConfigurationName = Release;
		};
/* End XCConfigurationList section */
	};
	rootObject = B634BA272208E57B00C5142B /* Project object */;
}
